
Microsoft Visual Studio Solution File, Format Version 12.00
# Visual Studio 15
Project("{FAE04EC0-301F-11D3-BF4B-00C04F79EFBC}") = "Assembly-CSharp", "Assembly-CSharp.csproj", "{0552B6F0-8E96-E2E6-4C2C-839C4ACA3C72}"
EndProject
Global
	GlobalSection(SolutionConfigurationPlatforms) = preSolution
		Debug|Any CPU = Debug|Any CPU
		Release|Any CPU = Release|Any CPU
	EndGlobalSection
	GlobalSection(ProjectConfigurationPlatforms) = postSolution
		{0552B6F0-8E96-E2E6-4C2C-839C4ACA3C72}.Debug|Any CPU.ActiveCfg = Debug|Any CPU
		{0552B6F0-8E96-E2E6-4C2C-839C4ACA3C72}.Debug|Any CPU.Build.0 = Debug|Any CPU
		{0552B6F0-8E96-E2E6-4C2C-839C4ACA3C72}.Release|Any CPU.ActiveCfg = Release|Any CPU
		{0552B6F0-8E96-E2E6-4C2C-839C4ACA3C72}.Release|Any CPU.Build.0 = Release|Any CPU
	EndGlobalSection
	GlobalSection(SolutionProperties) = preSolution
		HideSolutionNode = FALSE
	EndGlobalSection
EndGlobal
